
Microsoft Visual Studio Solution File, Format Version 12.00
# Visual Studio Version 16
VisualStudioVersion = 16.0.30114.105
MinimumVisualStudioVersion = 10.0.40219.1
Project("{2150E333-8FDC-42A3-9474-1A3956D46DE8}") = "Source", "Source", "{6D76AE95-906A-4DCC-9D99-47056D1FEA9A}"
EndProject
Project("{2150E333-8FDC-42A3-9474-1A3956D46DE8}") = "Apps", "Apps", "{675DB799-F771-4577-B1C8-11872074DD6D}"
EndProject
Project("{FAE04EC0-301F-11D3-BF4B-00C04F79EFBC}") = "PocWebApiDapperEf.App.WebApi", "Source\Apps\PocWebApiDapperEf.App.WebApi\PocWebApiDapperEf.App.WebApi.csproj", "{109932C3-016F-47AB-8A1F-5A2F1615A717}"
EndProject
Project("{2150E333-8FDC-42A3-9474-1A3956D46DE8}") = "Core", "Core", "{6023941E-2BE4-48AE-9EE0-0FF2A57A1293}"
EndProject
Project("{FAE04EC0-301F-11D3-BF4B-00C04F79EFBC}") = "PocWebApiDapperEf.Core.Application", "Source\Core\PocWebApiDapperEf.Core.Application\PocWebApiDapperEf.Core.Application.csproj", "{76BF4A44-AA75-48F1-8F4D-0EFF97AD7FC4}"
EndProject
Project("{FAE04EC0-301F-11D3-BF4B-00C04F79EFBC}") = "PocWebApiDapperEf.Core.Domain", "Source\Core\PocWebApiDapperEf.Core.Domain\PocWebApiDapperEf.Core.Domain.csproj", "{03E34E0B-D7CA-4BE0-A274-B1880A2FE3C4}"
EndProject
Project("{2150E333-8FDC-42A3-9474-1A3956D46DE8}") = "Infra", "Infra", "{B4CE3EAD-9BAD-4B9E-AA54-F29CD6B528CF}"
EndProject
Project("{FAE04EC0-301F-11D3-BF4B-00C04F79EFBC}") = "PocWebApiDapperEf.Infra.PersistenceDapper", "Source\Infra\PocWebApiDapperEf.Infra.PersistenceDapper\PocWebApiDapperEf.Infra.PersistenceDapper.csproj", "{969C57B2-3042-4341-9E81-DB0DC5142AB7}"
EndProject
Project("{FAE04EC0-301F-11D3-BF4B-00C04F79EFBC}") = "PocWebApiDapperEf.Infra.PersistenceEf", "Source\Infra\PocWebApiDapperEf.Infra.PersistenceEf\PocWebApiDapperEf.Infra.PersistenceEf.csproj", "{80C116EC-0272-45C6-BA76-64B7AD58F50D}"
EndProject
Global
	GlobalSection(SolutionConfigurationPlatforms) = preSolution
		Debug|Any CPU = Debug|Any CPU
		Debug|x64 = Debug|x64
		Debug|x86 = Debug|x86
		Release|Any CPU = Release|Any CPU
		Release|x64 = Release|x64
		Release|x86 = Release|x86
	EndGlobalSection
	GlobalSection(SolutionProperties) = preSolution
		HideSolutionNode = FALSE
	EndGlobalSection
	GlobalSection(ProjectConfigurationPlatforms) = postSolution
		{109932C3-016F-47AB-8A1F-5A2F1615A717}.Debug|Any CPU.ActiveCfg = Debug|Any CPU
		{109932C3-016F-47AB-8A1F-5A2F1615A717}.Debug|Any CPU.Build.0 = Debug|Any CPU
		{109932C3-016F-47AB-8A1F-5A2F1615A717}.Debug|x64.ActiveCfg = Debug|Any CPU
		{109932C3-016F-47AB-8A1F-5A2F1615A717}.Debug|x64.Build.0 = Debug|Any CPU
		{109932C3-016F-47AB-8A1F-5A2F1615A717}.Debug|x86.ActiveCfg = Debug|Any CPU
		{109932C3-016F-47AB-8A1F-5A2F1615A717}.Debug|x86.Build.0 = Debug|Any CPU
		{109932C3-016F-47AB-8A1F-5A2F1615A717}.Release|Any CPU.ActiveCfg = Release|Any CPU
		{109932C3-016F-47AB-8A1F-5A2F1615A717}.Release|Any CPU.Build.0 = Release|Any CPU
		{109932C3-016F-47AB-8A1F-5A2F1615A717}.Release|x64.ActiveCfg = Release|Any CPU
		{109932C3-016F-47AB-8A1F-5A2F1615A717}.Release|x64.Build.0 = Release|Any CPU
		{109932C3-016F-47AB-8A1F-5A2F1615A717}.Release|x86.ActiveCfg = Release|Any CPU
		{109932C3-016F-47AB-8A1F-5A2F1615A717}.Release|x86.Build.0 = Release|Any CPU
		{76BF4A44-AA75-48F1-8F4D-0EFF97AD7FC4}.Debug|Any CPU.ActiveCfg = Debug|Any CPU
		{76BF4A44-AA75-48F1-8F4D-0EFF97AD7FC4}.Debug|Any CPU.Build.0 = Debug|Any CPU
		{76BF4A44-AA75-48F1-8F4D-0EFF97AD7FC4}.Debug|x64.ActiveCfg = Debug|Any CPU
		{76BF4A44-AA75-48F1-8F4D-0EFF97AD7FC4}.Debug|x64.Build.0 = Debug|Any CPU
		{76BF4A44-AA75-48F1-8F4D-0EFF97AD7FC4}.Debug|x86.ActiveCfg = Debug|Any CPU
		{76BF4A44-AA75-48F1-8F4D-0EFF97AD7FC4}.Debug|x86.Build.0 = Debug|Any CPU
		{76BF4A44-AA75-48F1-8F4D-0EFF97AD7FC4}.Release|Any CPU.ActiveCfg = Release|Any CPU
		{76BF4A44-AA75-48F1-8F4D-0EFF97AD7FC4}.Release|Any CPU.Build.0 = Release|Any CPU
		{76BF4A44-AA75-48F1-8F4D-0EFF97AD7FC4}.Release|x64.ActiveCfg = Release|Any CPU
		{76BF4A44-AA75-48F1-8F4D-0EFF97AD7FC4}.Release|x64.Build.0 = Release|Any CPU
		{76BF4A44-AA75-48F1-8F4D-0EFF97AD7FC4}.Release|x86.ActiveCfg = Release|Any CPU
		{76BF4A44-AA75-48F1-8F4D-0EFF97AD7FC4}.Release|x86.Build.0 = Release|Any CPU
		{03E34E0B-D7CA-4BE0-A274-B1880A2FE3C4}.Debug|Any CPU.ActiveCfg = Debug|Any CPU
		{03E34E0B-D7CA-4BE0-A274-B1880A2FE3C4}.Debug|Any CPU.Build.0 = Debug|Any CPU
		{03E34E0B-D7CA-4BE0-A274-B1880A2FE3C4}.Debug|x64.ActiveCfg = Debug|Any CPU
		{03E34E0B-D7CA-4BE0-A274-B1880A2FE3C4}.Debug|x64.Build.0 = Debug|Any CPU
		{03E34E0B-D7CA-4BE0-A274-B1880A2FE3C4}.Debug|x86.ActiveCfg = Debug|Any CPU
		{03E34E0B-D7CA-4BE0-A274-B1880A2FE3C4}.Debug|x86.Build.0 = Debug|Any CPU
		{03E34E0B-D7CA-4BE0-A274-B1880A2FE3C4}.Release|Any CPU.ActiveCfg = Release|Any CPU
		{03E34E0B-D7CA-4BE0-A274-B1880A2FE3C4}.Release|Any CPU.Build.0 = Release|Any CPU
		{03E34E0B-D7CA-4BE0-A274-B1880A2FE3C4}.Release|x64.ActiveCfg = Release|Any CPU
		{03E34E0B-D7CA-4BE0-A274-B1880A2FE3C4}.Release|x64.Build.0 = Release|Any CPU
		{03E34E0B-D7CA-4BE0-A274-B1880A2FE3C4}.Release|x86.ActiveCfg = Release|Any CPU
		{03E34E0B-D7CA-4BE0-A274-B1880A2FE3C4}.Release|x86.Build.0 = Release|Any CPU
		{969C57B2-3042-4341-9E81-DB0DC5142AB7}.Debug|Any CPU.ActiveCfg = Debug|Any CPU
		{969C57B2-3042-4341-9E81-DB0DC5142AB7}.Debug|Any CPU.Build.0 = Debug|Any CPU
		{969C57B2-3042-4341-9E81-DB0DC5142AB7}.Debug|x64.ActiveCfg = Debug|Any CPU
		{969C57B2-3042-4341-9E81-DB0DC5142AB7}.Debug|x64.Build.0 = Debug|Any CPU
		{969C57B2-3042-4341-9E81-DB0DC5142AB7}.Debug|x86.ActiveCfg = Debug|Any CPU
		{969C57B2-3042-4341-9E81-DB0DC5142AB7}.Debug|x86.Build.0 = Debug|Any CPU
		{969C57B2-3042-4341-9E81-DB0DC5142AB7}.Release|Any CPU.ActiveCfg = Release|Any CPU
		{969C57B2-3042-4341-9E81-DB0DC5142AB7}.Release|Any CPU.Build.0 = Release|Any CPU
		{969C57B2-3042-4341-9E81-DB0DC5142AB7}.Release|x64.ActiveCfg = Release|Any CPU
		{969C57B2-3042-4341-9E81-DB0DC5142AB7}.Release|x64.Build.0 = Release|Any CPU
		{969C57B2-3042-4341-9E81-DB0DC5142AB7}.Release|x86.ActiveCfg = Release|Any CPU
		{969C57B2-3042-4341-9E81-DB0DC5142AB7}.Release|x86.Build.0 = Release|Any CPU
		{80C116EC-0272-45C6-BA76-64B7AD58F50D}.Debug|Any CPU.ActiveCfg = Debug|Any CPU
		{80C116EC-0272-45C6-BA76-64B7AD58F50D}.Debug|Any CPU.Build.0 = Debug|Any CPU
		{80C116EC-0272-45C6-BA76-64B7AD58F50D}.Debug|x64.ActiveCfg = Debug|Any CPU
		{80C116EC-0272-45C6-BA76-64B7AD58F50D}.Debug|x64.Build.0 = Debug|Any CPU
		{80C116EC-0272-45C6-BA76-64B7AD58F50D}.Debug|x86.ActiveCfg = Debug|Any CPU
		{80C116EC-0272-45C6-BA76-64B7AD58F50D}.Debug|x86.Build.0 = Debug|Any CPU
		{80C116EC-0272-45C6-BA76-64B7AD58F50D}.Release|Any CPU.ActiveCfg = Release|Any CPU
		{80C116EC-0272-45C6-BA76-64B7AD58F50D}.Release|Any CPU.Build.0 = Release|Any CPU
		{80C116EC-0272-45C6-BA76-64B7AD58F50D}.Release|x64.ActiveCfg = Release|Any CPU
		{80C116EC-0272-45C6-BA76-64B7AD58F50D}.Release|x64.Build.0 = Release|Any CPU
		{80C116EC-0272-45C6-BA76-64B7AD58F50D}.Release|x86.ActiveCfg = Release|Any CPU
		{80C116EC-0272-45C6-BA76-64B7AD58F50D}.Release|x86.Build.0 = Release|Any CPU
	EndGlobalSection
	GlobalSection(NestedProjects) = preSolution
		{675DB799-F771-4577-B1C8-11872074DD6D} = {6D76AE95-906A-4DCC-9D99-47056D1FEA9A}
		{109932C3-016F-47AB-8A1F-5A2F1615A717} = {675DB799-F771-4577-B1C8-11872074DD6D}
		{6023941E-2BE4-48AE-9EE0-0FF2A57A1293} = {6D76AE95-906A-4DCC-9D99-47056D1FEA9A}
		{76BF4A44-AA75-48F1-8F4D-0EFF97AD7FC4} = {6023941E-2BE4-48AE-9EE0-0FF2A57A1293}
		{03E34E0B-D7CA-4BE0-A274-B1880A2FE3C4} = {6023941E-2BE4-48AE-9EE0-0FF2A57A1293}
		{B4CE3EAD-9BAD-4B9E-AA54-F29CD6B528CF} = {6D76AE95-906A-4DCC-9D99-47056D1FEA9A}
		{969C57B2-3042-4341-9E81-DB0DC5142AB7} = {B4CE3EAD-9BAD-4B9E-AA54-F29CD6B528CF}
		{80C116EC-0272-45C6-BA76-64B7AD58F50D} = {B4CE3EAD-9BAD-4B9E-AA54-F29CD6B528CF}
	EndGlobalSection
EndGlobal
